{
  "requires": true,
  "lockfileVersion": 1,
  "dependencies": {
    "d3-random": {
      "version": "2.1.0",
      "resolved": "https://registry.npmjs.org/d3-random/-/d3-random-2.1.0.tgz",
      "integrity": "sha512-NY3GKeKxlRAXzUNun8Pv36Mciggnf8v+4kCDEoKaAbw4qmpfJ5LvMazdiYNDEiuM4hQSVHnxNeuYdVRJlFw9dg=="
    }
  }
}
